
Microsoft Visual Studio Solution File, Format Version 12.00
# Visual Studio Version 16
VisualStudioVersion = 16.0.30611.23
MinimumVisualStudioVersion = 10.0.40219.1
Project("{FAE04EC0-301F-11D3-BF4B-00C04F79EFBC}") = "COE182P-T-Practical-07", "COE182P-T-Practical-07\COE182P-T-Practical-07.csproj", "{1A7FD501-793A-41E7-B48A-03F29A24A683}"
EndProject
Global
	GlobalSection(SolutionConfigurationPlatforms) = preSolution
		Debug|Any CPU = Debug|Any CPU
		Release|Any CPU = Release|Any CPU
	EndGlobalSection
	GlobalSection(ProjectConfigurationPlatforms) = postSolution
		{1A7FD501-793A-41E7-B48A-03F29A24A683}.Debug|Any CPU.ActiveCfg = Debug|Any CPU
		{1A7FD501-793A-41E7-B48A-03F29A24A683}.Debug|Any CPU.Build.0 = Debug|Any CPU
		{1A7FD501-793A-41E7-B48A-03F29A24A683}.Release|Any CPU.ActiveCfg = Release|Any CPU
		{1A7FD501-793A-41E7-B48A-03F29A24A683}.Release|Any CPU.Build.0 = Release|Any CPU
	EndGlobalSection
	GlobalSection(SolutionProperties) = preSolution
		HideSolutionNode = FALSE
	EndGlobalSection
	GlobalSection(ExtensibilityGlobals) = postSolution
		SolutionGuid = {D8CC8D4B-D8F4-43D5-A7B8-BADA975D1043}
	EndGlobalSection
EndGlobal
